// !$*UTF8*$!
{
	archiveVersion = 1;
	classes = {
	};
	objectVersion = 56;
	objects = {

/* Begin PBXBuildFile section */
		19ECC8A4A83884C0F6500D7A /* Pods_Pelegram_PelegramUITests.framework in Frameworks */ = {isa = PBXBuildFile; fileRef = AAFDCB8914E73768761FC65A /* Pods_Pelegram_PelegramUITests.framework */; };
		AC05220E2A588F310064298A /* PelegramApp.swift in Sources */ = {isa = PBXBuildFile; fileRef = AC05220D2A588F310064298A /* PelegramApp.swift */; };
		AC0522102A588F310064298A /* ContentView.swift in Sources */ = {isa = PBXBuildFile; fileRef = AC05220F2A588F310064298A /* ContentView.swift */; };
		AC0522122A588F320064298A /* Assets.xcassets in Resources */ = {isa = PBXBuildFile; fileRef = AC0522112A588F320064298A /* Assets.xcassets */; };
		AC0522162A588F320064298A /* Preview Assets.xcassets in Resources */ = {isa = PBXBuildFile; fileRef = AC0522152A588F320064298A /* Preview Assets.xcassets */; };
		AC0522202A588F320064298A /* PelegramTests.swift in Sources */ = {isa = PBXBuildFile; fileRef = AC05221F2A588F320064298A /* PelegramTests.swift */; };
		AC05222A2A588F320064298A /* PelegramUITests.swift in Sources */ = {isa = PBXBuildFile; fileRef = AC0522292A588F320064298A /* PelegramUITests.swift */; };
		AC05222C2A588F320064298A /* PelegramUITestsLaunchTests.swift in Sources */ = {isa = PBXBuildFile; fileRef = AC05222B2A588F320064298A /* PelegramUITestsLaunchTests.swift */; };
		AC0AEAFA2A5DAF98001FE95B /* AuthenticateRequest.swift in Sources */ = {isa = PBXBuildFile; fileRef = AC0AEAF92A5DAF98001FE95B /* AuthenticateRequest.swift */; };
		AC1E341A2A59B4FC00FB3CDC /* User.swift in Sources */ = {isa = PBXBuildFile; fileRef = AC1E34192A59B4FC00FB3CDC /* User.swift */; };
		AC1E341C2A59B64500FB3CDC /* Constants.swift in Sources */ = {isa = PBXBuildFile; fileRef = AC1E341B2A59B64500FB3CDC /* Constants.swift */; };
		AC1E34242A59BC9D00FB3CDC /* BasicDataResponse.swift in Sources */ = {isa = PBXBuildFile; fileRef = AC1E34232A59BC9D00FB3CDC /* BasicDataResponse.swift */; };
		AC3EE7302A5AF1890051C07F /* LoginResponse.swift in Sources */ = {isa = PBXBuildFile; fileRef = AC3EE72F2A5AF1890051C07F /* LoginResponse.swift */; };
		AC3EE7332A5AF20C0051C07F /* AuthUserDto.swift in Sources */ = {isa = PBXBuildFile; fileRef = AC3EE7322A5AF20C0051C07F /* AuthUserDto.swift */; };
		AC3EE7362A5B10E90051C07F /* DataParser.swift in Sources */ = {isa = PBXBuildFile; fileRef = AC3EE7352A5B10E90051C07F /* DataParser.swift */; };
		AC3EE7382A5B11300051C07F /* RequestManager.swift in Sources */ = {isa = PBXBuildFile; fileRef = AC3EE7372A5B11300051C07F /* RequestManager.swift */; };
		AC3EE73A2A5B11730051C07F /* APIManager.swift in Sources */ = {isa = PBXBuildFile; fileRef = AC3EE7392A5B11730051C07F /* APIManager.swift */; };
		AC3EE73C2A5B11950051C07F /* NetworkError.swift in Sources */ = {isa = PBXBuildFile; fileRef = AC3EE73B2A5B11950051C07F /* NetworkError.swift */; };
		AC3EE73E2A5B11C50051C07F /* RequestProtocol.swift in Sources */ = {isa = PBXBuildFile; fileRef = AC3EE73D2A5B11C50051C07F /* RequestProtocol.swift */; };
		AC3EE7402A5B12480051C07F /* RequestType.swift in Sources */ = {isa = PBXBuildFile; fileRef = AC3EE73F2A5B12480051C07F /* RequestType.swift */; };
		AC3EE7432A5B17CE0051C07F /* LoginRequest.swift in Sources */ = {isa = PBXBuildFile; fileRef = AC3EE7422A5B17CE0051C07F /* LoginRequest.swift */; };
		AC401DF52A61E06D000427BB /* MyViewModel.swift in Sources */ = {isa = PBXBuildFile; fileRef = AC401DF42A61E06D000427BB /* MyViewModel.swift */; };
		AC7F42552A5C851200091EC3 /* RegisterRequest.swift in Sources */ = {isa = PBXBuildFile; fileRef = AC7F42542A5C851200091EC3 /* RegisterRequest.swift */; };
		AC7F42572A5C871000091EC3 /* BasicApiResponse.swift in Sources */ = {isa = PBXBuildFile; fileRef = AC7F42562A5C871000091EC3 /* BasicApiResponse.swift */; };
		AC8696742A62726A00C7C838 /* Interceptor.swift in Sources */ = {isa = PBXBuildFile; fileRef = AC8696732A62726900C7C838 /* Interceptor.swift */; };
		AC8C28D22A58A68900F97C07 /* LoginView.swift in Sources */ = {isa = PBXBuildFile; fileRef = AC8C28D12A58A68900F97C07 /* LoginView.swift */; };
		AC8C28D42A58A6EF00F97C07 /* RegistrationView.swift in Sources */ = {isa = PBXBuildFile; fileRef = AC8C28D32A58A6EF00F97C07 /* RegistrationView.swift */; };
		AC8C28D62A58A8DD00F97C07 /* FeedView.swift in Sources */ = {isa = PBXBuildFile; fileRef = AC8C28D52A58A8DD00F97C07 /* FeedView.swift */; };
		AC8CBA9F2A5ADF7A005153D5 /* MyTextField.swift in Sources */ = {isa = PBXBuildFile; fileRef = AC8CBA9E2A5ADF7A005153D5 /* MyTextField.swift */; };
		C71CB7FA21F0EA262B97AEB8 /* Pods_PelegramTests.framework in Frameworks */ = {isa = PBXBuildFile; fileRef = 66EA602C224641EFB69978F0 /* Pods_PelegramTests.framework */; };
		E67CB489D47A9BDBF47A5F06 /* Pods_Pelegram.framework in Frameworks */ = {isa = PBXBuildFile; fileRef = D5F3658C4959C3CD0EC5DDFD /* Pods_Pelegram.framework */; };
/* End PBXBuildFile section */

/* Begin PBXContainerItemProxy section */
		AC05221C2A588F320064298A /* PBXContainerItemProxy */ = {
			isa = PBXContainerItemProxy;
			containerPortal = AC0522022A588F310064298A /* Project object */;
			proxyType = 1;
			remoteGlobalIDString = AC0522092A588F310064298A;
			remoteInfo = Pelegram;
		};
		AC0522262A588F320064298A /* PBXContainerItemProxy */ = {
			isa = PBXContainerItemProxy;
			containerPortal = AC0522022A588F310064298A /* Project object */;
			proxyType = 1;
			remoteGlobalIDString = AC0522092A588F310064298A;
			remoteInfo = Pelegram;
		};
/* End PBXContainerItemProxy section */

/* Begin PBXFileReference section */
		37BD7C7D94A95EBCB2979BCF /* Pods-Pelegram.release.xcconfig */ = {isa = PBXFileReference; includeInIndex = 1; lastKnownFileType = text.xcconfig; name = "Pods-Pelegram.release.xcconfig"; path = "Target Support Files/Pods-Pelegram/Pods-Pelegram.release.xcconfig"; sourceTree = "<group>"; };
		66EA602C224641EFB69978F0 /* Pods_PelegramTests.framework */ = {isa = PBXFileReference; explicitFileType = wrapper.framework; includeInIndex = 0; path = Pods_PelegramTests.framework; sourceTree = BUILT_PRODUCTS_DIR; };
		8C0F4F1A05C1CCF9175DCC25 /* Pods-Pelegram.debug.xcconfig */ = {isa = PBXFileReference; includeInIndex = 1; lastKnownFileType = text.xcconfig; name = "Pods-Pelegram.debug.xcconfig"; path = "Target Support Files/Pods-Pelegram/Pods-Pelegram.debug.xcconfig"; sourceTree = "<group>"; };
		9DA83F4941C6B02EC39BCD71 /* Pods-PelegramTests.release.xcconfig */ = {isa = PBXFileReference; includeInIndex = 1; lastKnownFileType = text.xcconfig; name = "Pods-PelegramTests.release.xcconfig"; path = "Target Support Files/Pods-PelegramTests/Pods-PelegramTests.release.xcconfig"; sourceTree = "<group>"; };
		AAFDCB8914E73768761FC65A /* Pods_Pelegram_PelegramUITests.framework */ = {isa = PBXFileReference; explicitFileType = wrapper.framework; includeInIndex = 0; path = Pods_Pelegram_PelegramUITests.framework; sourceTree = BUILT_PRODUCTS_DIR; };
		AC05220A2A588F310064298A /* Pelegram.app */ = {isa = PBXFileReference; explicitFileType = wrapper.application; includeInIndex = 0; path = Pelegram.app; sourceTree = BUILT_PRODUCTS_DIR; };
		AC05220D2A588F310064298A /* PelegramApp.swift */ = {isa = PBXFileReference; lastKnownFileType = sourcecode.swift; path = PelegramApp.swift; sourceTree = "<group>"; };
		AC05220F2A588F310064298A /* ContentView.swift */ = {isa = PBXFileReference; lastKnownFileType = sourcecode.swift; path = ContentView.swift; sourceTree = "<group>"; };
		AC0522112A588F320064298A /* Assets.xcassets */ = {isa = PBXFileReference; lastKnownFileType = folder.assetcatalog; path = Assets.xcassets; sourceTree = "<group>"; };
		AC0522132A588F320064298A /* Pelegram.entitlements */ = {isa = PBXFileReference; lastKnownFileType = text.plist.entitlements; path = Pelegram.entitlements; sourceTree = "<group>"; };
		AC0522152A588F320064298A /* Preview Assets.xcassets */ = {isa = PBXFileReference; lastKnownFileType = folder.assetcatalog; path = "Preview Assets.xcassets"; sourceTree = "<group>"; };
		AC05221B2A588F320064298A /* PelegramTests.xctest */ = {isa = PBXFileReference; explicitFileType = wrapper.cfbundle; includeInIndex = 0; path = PelegramTests.xctest; sourceTree = BUILT_PRODUCTS_DIR; };
		AC05221F2A588F320064298A /* PelegramTests.swift */ = {isa = PBXFileReference; lastKnownFileType = sourcecode.swift; path = PelegramTests.swift; sourceTree = "<group>"; };
		AC0522252A588F320064298A /* PelegramUITests.xctest */ = {isa = PBXFileReference; explicitFileType = wrapper.cfbundle; includeInIndex = 0; path = PelegramUITests.xctest; sourceTree = BUILT_PRODUCTS_DIR; };
		AC0522292A588F320064298A /* PelegramUITests.swift */ = {isa = PBXFileReference; lastKnownFileType = sourcecode.swift; path = PelegramUITests.swift; sourceTree = "<group>"; };
		AC05222B2A588F320064298A /* PelegramUITestsLaunchTests.swift */ = {isa = PBXFileReference; lastKnownFileType = sourcecode.swift; path = PelegramUITestsLaunchTests.swift; sourceTree = "<group>"; };
		AC0AEAF92A5DAF98001FE95B /* AuthenticateRequest.swift */ = {isa = PBXFileReference; lastKnownFileType = sourcecode.swift; path = AuthenticateRequest.swift; sourceTree = "<group>"; };
		AC1E34192A59B4FC00FB3CDC /* User.swift */ = {isa = PBXFileReference; lastKnownFileType = sourcecode.swift; path = User.swift; sourceTree = "<group>"; };
		AC1E341B2A59B64500FB3CDC /* Constants.swift */ = {isa = PBXFileReference; lastKnownFileType = sourcecode.swift; path = Constants.swift; sourceTree = "<group>"; };
		AC1E34232A59BC9D00FB3CDC /* BasicDataResponse.swift */ = {isa = PBXFileReference; lastKnownFileType = sourcecode.swift; path = BasicDataResponse.swift; sourceTree = "<group>"; };
		AC3EE72F2A5AF1890051C07F /* LoginResponse.swift */ = {isa = PBXFileReference; lastKnownFileType = sourcecode.swift; path = LoginResponse.swift; sourceTree = "<group>"; };
		AC3EE7322A5AF20C0051C07F /* AuthUserDto.swift */ = {isa = PBXFileReference; lastKnownFileType = sourcecode.swift; path = AuthUserDto.swift; sourceTree = "<group>"; };
		AC3EE7352A5B10E90051C07F /* DataParser.swift */ = {isa = PBXFileReference; lastKnownFileType = sourcecode.swift; path = DataParser.swift; sourceTree = "<group>"; };
		AC3EE7372A5B11300051C07F /* RequestManager.swift */ = {isa = PBXFileReference; lastKnownFileType = sourcecode.swift; path = RequestManager.swift; sourceTree = "<group>"; };
		AC3EE7392A5B11730051C07F /* APIManager.swift */ = {isa = PBXFileReference; lastKnownFileType = sourcecode.swift; path = APIManager.swift; sourceTree = "<group>"; };
		AC3EE73B2A5B11950051C07F /* NetworkError.swift */ = {isa = PBXFileReference; lastKnownFileType = sourcecode.swift; path = NetworkError.swift; sourceTree = "<group>"; };
		AC3EE73D2A5B11C50051C07F /* RequestProtocol.swift */ = {isa = PBXFileReference; lastKnownFileType = sourcecode.swift; path = RequestProtocol.swift; sourceTree = "<group>"; };
		AC3EE73F2A5B12480051C07F /* RequestType.swift */ = {isa = PBXFileReference; lastKnownFileType = sourcecode.swift; path = RequestType.swift; sourceTree = "<group>"; };
		AC3EE7422A5B17CE0051C07F /* LoginRequest.swift */ = {isa = PBXFileReference; lastKnownFileType = sourcecode.swift; path = LoginRequest.swift; sourceTree = "<group>"; };
		AC401DF42A61E06D000427BB /* MyViewModel.swift */ = {isa = PBXFileReference; lastKnownFileType = sourcecode.swift; path = MyViewModel.swift; sourceTree = "<group>"; };
		AC7F42542A5C851200091EC3 /* RegisterRequest.swift */ = {isa = PBXFileReference; lastKnownFileType = sourcecode.swift; path = RegisterRequest.swift; sourceTree = "<group>"; };
		AC7F42562A5C871000091EC3 /* BasicApiResponse.swift */ = {isa = PBXFileReference; lastKnownFileType = sourcecode.swift; path = BasicApiResponse.swift; sourceTree = "<group>"; };
		AC8696732A62726900C7C838 /* Interceptor.swift */ = {isa = PBXFileReference; lastKnownFileType = sourcecode.swift; path = Interceptor.swift; sourceTree = "<group>"; };
		AC8C28D12A58A68900F97C07 /* LoginView.swift */ = {isa = PBXFileReference; lastKnownFileType = sourcecode.swift; path = LoginView.swift; sourceTree = "<group>"; };
		AC8C28D32A58A6EF00F97C07 /* RegistrationView.swift */ = {isa = PBXFileReference; lastKnownFileType = sourcecode.swift; path = RegistrationView.swift; sourceTree = "<group>"; };
		AC8C28D52A58A8DD00F97C07 /* FeedView.swift */ = {isa = PBXFileReference; lastKnownFileType = sourcecode.swift; path = FeedView.swift; sourceTree = "<group>"; };
		AC8CBA9E2A5ADF7A005153D5 /* MyTextField.swift */ = {isa = PBXFileReference; lastKnownFileType = sourcecode.swift; path = MyTextField.swift; sourceTree = "<group>"; };
		BAAD850D11AEA531AEDBD119 /* Pods-Pelegram-PelegramUITests.release.xcconfig */ = {isa = PBXFileReference; includeInIndex = 1; lastKnownFileType = text.xcconfig; name = "Pods-Pelegram-PelegramUITests.release.xcconfig"; path = "Target Support Files/Pods-Pelegram-PelegramUITests/Pods-Pelegram-PelegramUITests.release.xcconfig"; sourceTree = "<group>"; };
		BDAF15C62AC5CDCBBD3DCEF5 /* Pods-PelegramTests.debug.xcconfig */ = {isa = PBXFileReference; includeInIndex = 1; lastKnownFileType = text.xcconfig; name = "Pods-PelegramTests.debug.xcconfig"; path = "Target Support Files/Pods-PelegramTests/Pods-PelegramTests.debug.xcconfig"; sourceTree = "<group>"; };
		C76EBC5BDA3F5299FFBDA6D6 /* Pods-Pelegram-PelegramUITests.debug.xcconfig */ = {isa = PBXFileReference; includeInIndex = 1; lastKnownFileType = text.xcconfig; name = "Pods-Pelegram-PelegramUITests.debug.xcconfig"; path = "Target Support Files/Pods-Pelegram-PelegramUITests/Pods-Pelegram-PelegramUITests.debug.xcconfig"; sourceTree = "<group>"; };
		D5F3658C4959C3CD0EC5DDFD /* Pods_Pelegram.framework */ = {isa = PBXFileReference; explicitFileType = wrapper.framework; includeInIndex = 0; path = Pods_Pelegram.framework; sourceTree = BUILT_PRODUCTS_DIR; };
/* End PBXFileReference section */

/* Begin PBXFrameworksBuildPhase section */
		AC0522072A588F310064298A /* Frameworks */ = {
			isa = PBXFrameworksBuildPhase;
			buildActionMask = 2147483647;
			files = (
				E67CB489D47A9BDBF47A5F06 /* Pods_Pelegram.framework in Frameworks */,
			);
			runOnlyForDeploymentPostprocessing = 0;
		};
		AC0522182A588F320064298A /* Frameworks */ = {
			isa = PBXFrameworksBuildPhase;
			buildActionMask = 2147483647;
			files = (
				C71CB7FA21F0EA262B97AEB8 /* Pods_PelegramTests.framework in Frameworks */,
			);
			runOnlyForDeploymentPostprocessing = 0;
		};
		AC0522222A588F320064298A /* Frameworks */ = {
			isa = PBXFrameworksBuildPhase;
			buildActionMask = 2147483647;
			files = (
				19ECC8A4A83884C0F6500D7A /* Pods_Pelegram_PelegramUITests.framework in Frameworks */,
			);
			runOnlyForDeploymentPostprocessing = 0;
		};
/* End PBXFrameworksBuildPhase section */

/* Begin PBXGroup section */
		AC0522012A588F310064298A = {
			isa = PBXGroup;
			children = (
				AC05220C2A588F310064298A /* Pelegram */,
				AC05221E2A588F320064298A /* PelegramTests */,
				AC0522282A588F320064298A /* PelegramUITests */,
				AC05220B2A588F310064298A /* Products */,
				D7A48F5AA65107DA1DD4BF6C /* Pods */,
				BE9EDCACBF1216C91B66C7DD /* Frameworks */,
			);
			sourceTree = "<group>";
		};
		AC05220B2A588F310064298A /* Products */ = {
			isa = PBXGroup;
			children = (
				AC05220A2A588F310064298A /* Pelegram.app */,
				AC05221B2A588F320064298A /* PelegramTests.xctest */,
				AC0522252A588F320064298A /* PelegramUITests.xctest */,
			);
			name = Products;
			sourceTree = "<group>";
		};
		AC05220C2A588F310064298A /* Pelegram */ = {
			isa = PBXGroup;
			children = (
				AC401DF32A61E05A000427BB /* viewmodels */,
				AC8CBA9C2A5ADF22005153D5 /* screens */,
				AC1E341D2A59B99200FB3CDC /* data */,
				AC1E34162A59B4B800FB3CDC /* models */,
				AC05220D2A588F310064298A /* PelegramApp.swift */,
				AC05220F2A588F310064298A /* ContentView.swift */,
				AC1E341B2A59B64500FB3CDC /* Constants.swift */,
				AC0522112A588F320064298A /* Assets.xcassets */,
				AC0522132A588F320064298A /* Pelegram.entitlements */,
				AC0522142A588F320064298A /* Preview Content */,
			);
			path = Pelegram;
			sourceTree = "<group>";
		};
		AC0522142A588F320064298A /* Preview Content */ = {
			isa = PBXGroup;
			children = (
				AC0522152A588F320064298A /* Preview Assets.xcassets */,
			);
			path = "Preview Content";
			sourceTree = "<group>";
		};
		AC05221E2A588F320064298A /* PelegramTests */ = {
			isa = PBXGroup;
			children = (
				AC05221F2A588F320064298A /* PelegramTests.swift */,
			);
			path = PelegramTests;
			sourceTree = "<group>";
		};
		AC0522282A588F320064298A /* PelegramUITests */ = {
			isa = PBXGroup;
			children = (
				AC0522292A588F320064298A /* PelegramUITests.swift */,
				AC05222B2A588F320064298A /* PelegramUITestsLaunchTests.swift */,
			);
			path = PelegramUITests;
			sourceTree = "<group>";
		};
		AC1E34162A59B4B800FB3CDC /* models */ = {
			isa = PBXGroup;
			children = (
				AC1E34192A59B4FC00FB3CDC /* User.swift */,
			);
			path = models;
			sourceTree = "<group>";
		};
		AC1E341D2A59B99200FB3CDC /* data */ = {
			isa = PBXGroup;
			children = (
				AC1E341E2A59B99D00FB3CDC /* remote */,
			);
			path = data;
			sourceTree = "<group>";
		};
		AC1E341E2A59B99D00FB3CDC /* remote */ = {
			isa = PBXGroup;
			children = (
				AC8696722A62725700C7C838 /* interceptor */,
				AC3EE7342A5B10D60051C07F /* parser */,
				AC3EE7312A5AF1FE0051C07F /* dto */,
				AC1E34222A59BC8400FB3CDC /* responses */,
				AC1E341F2A59B9C900FB3CDC /* requests */,
				AC3EE7372A5B11300051C07F /* RequestManager.swift */,
				AC3EE7392A5B11730051C07F /* APIManager.swift */,
				AC3EE73B2A5B11950051C07F /* NetworkError.swift */,
			);
			path = remote;
			sourceTree = "<group>";
		};
		AC1E341F2A59B9C900FB3CDC /* requests */ = {
			isa = PBXGroup;
			children = (
				AC3EE7412A5B17B80051C07F /* util */,
				AC7F42542A5C851200091EC3 /* RegisterRequest.swift */,
				AC0AEAF92A5DAF98001FE95B /* AuthenticateRequest.swift */,
				AC3EE7422A5B17CE0051C07F /* LoginRequest.swift */,
			);
			path = requests;
			sourceTree = "<group>";
		};
		AC1E34222A59BC8400FB3CDC /* responses */ = {
			isa = PBXGroup;
			children = (
				AC1E34232A59BC9D00FB3CDC /* BasicDataResponse.swift */,
				AC7F42562A5C871000091EC3 /* BasicApiResponse.swift */,
				AC3EE72F2A5AF1890051C07F /* LoginResponse.swift */,
			);
			path = responses;
			sourceTree = "<group>";
		};
		AC3EE7312A5AF1FE0051C07F /* dto */ = {
			isa = PBXGroup;
			children = (
				AC3EE7322A5AF20C0051C07F /* AuthUserDto.swift */,
			);
			path = dto;
			sourceTree = "<group>";
		};
		AC3EE7342A5B10D60051C07F /* parser */ = {
			isa = PBXGroup;
			children = (
				AC3EE7352A5B10E90051C07F /* DataParser.swift */,
			);
			path = parser;
			sourceTree = "<group>";
		};
		AC3EE7412A5B17B80051C07F /* util */ = {
			isa = PBXGroup;
			children = (
				AC3EE73F2A5B12480051C07F /* RequestType.swift */,
				AC3EE73D2A5B11C50051C07F /* RequestProtocol.swift */,
			);
			path = util;
			sourceTree = "<group>";
		};
		AC401DF32A61E05A000427BB /* viewmodels */ = {
			isa = PBXGroup;
			children = (
				AC401DF42A61E06D000427BB /* MyViewModel.swift */,
			);
			path = viewmodels;
			sourceTree = "<group>";
		};
		AC8696722A62725700C7C838 /* interceptor */ = {
			isa = PBXGroup;
			children = (
				AC8696732A62726900C7C838 /* Interceptor.swift */,
			);
			path = interceptor;
			sourceTree = "<group>";
		};
		AC8CBA9C2A5ADF22005153D5 /* screens */ = {
			isa = PBXGroup;
			children = (
				AC8CBA9D2A5ADF58005153D5 /* views */,
				AC8C28D52A58A8DD00F97C07 /* FeedView.swift */,
				AC8C28D12A58A68900F97C07 /* LoginView.swift */,
				AC8C28D32A58A6EF00F97C07 /* RegistrationView.swift */,
			);
			path = screens;
			sourceTree = "<group>";
		};
		AC8CBA9D2A5ADF58005153D5 /* views */ = {
			isa = PBXGroup;
			children = (
				AC8CBA9E2A5ADF7A005153D5 /* MyTextField.swift */,
			);
			path = views;
			sourceTree = "<group>";
		};
		BE9EDCACBF1216C91B66C7DD /* Frameworks */ = {
			isa = PBXGroup;
			children = (
				D5F3658C4959C3CD0EC5DDFD /* Pods_Pelegram.framework */,
				AAFDCB8914E73768761FC65A /* Pods_Pelegram_PelegramUITests.framework */,
				66EA602C224641EFB69978F0 /* Pods_PelegramTests.framework */,
			);
			name = Frameworks;
			sourceTree = "<group>";
		};
		D7A48F5AA65107DA1DD4BF6C /* Pods */ = {
			isa = PBXGroup;
			children = (
				8C0F4F1A05C1CCF9175DCC25 /* Pods-Pelegram.debug.xcconfig */,
				37BD7C7D94A95EBCB2979BCF /* Pods-Pelegram.release.xcconfig */,
				C76EBC5BDA3F5299FFBDA6D6 /* Pods-Pelegram-PelegramUITests.debug.xcconfig */,
				BAAD850D11AEA531AEDBD119 /* Pods-Pelegram-PelegramUITests.release.xcconfig */,
				BDAF15C62AC5CDCBBD3DCEF5 /* Pods-PelegramTests.debug.xcconfig */,
				9DA83F4941C6B02EC39BCD71 /* Pods-PelegramTests.release.xcconfig */,
			);
			path = Pods;
			sourceTree = "<group>";
		};
/* End PBXGroup section */

/* Begin PBXNativeTarget section */
		AC0522092A588F310064298A /* Pelegram */ = {
			isa = PBXNativeTarget;
			buildConfigurationList = AC05222F2A588F320064298A /* Build configuration list for PBXNativeTarget "Pelegram" */;
			buildPhases = (
				81BAA8D3DF0C52DD0967B48F /* [CP] Check Pods Manifest.lock */,
				AC0522062A588F310064298A /* Sources */,
				AC0522072A588F310064298A /* Frameworks */,
				AC0522082A588F310064298A /* Resources */,
				D0E7A6DAAAECBB38EA1D4A88 /* [CP] Embed Pods Frameworks */,
			);
			buildRules = (
			);
			dependencies = (
			);
			name = Pelegram;
			productName = Pelegram;
			productReference = AC05220A2A588F310064298A /* Pelegram.app */;
			productType = "com.apple.product-type.application";
		};
		AC05221A2A588F320064298A /* PelegramTests */ = {
			isa = PBXNativeTarget;
			buildConfigurationList = AC0522322A588F320064298A /* Build configuration list for PBXNativeTarget "PelegramTests" */;
			buildPhases = (
				99DB1B64B86F2C199BA9F2DE /* [CP] Check Pods Manifest.lock */,
				AC0522172A588F320064298A /* Sources */,
				AC0522182A588F320064298A /* Frameworks */,
				AC0522192A588F320064298A /* Resources */,
			);
			buildRules = (
			);
			dependencies = (
				AC05221D2A588F320064298A /* PBXTargetDependency */,
			);
			name = PelegramTests;
			productName = PelegramTests;
			productReference = AC05221B2A588F320064298A /* PelegramTests.xctest */;
			productType = "com.apple.product-type.bundle.unit-test";
		};
		AC0522242A588F320064298A /* PelegramUITests */ = {
			isa = PBXNativeTarget;
			buildConfigurationList = AC0522352A588F320064298A /* Build configuration list for PBXNativeTarget "PelegramUITests" */;
			buildPhases = (
				809A83F493488571BA65E9AD /* [CP] Check Pods Manifest.lock */,
				AC0522212A588F320064298A /* Sources */,
				AC0522222A588F320064298A /* Frameworks */,
				AC0522232A588F320064298A /* Resources */,
				247943D62C596BB6794F2F9B /* [CP] Embed Pods Frameworks */,
			);
			buildRules = (
			);
			dependencies = (
				AC0522272A588F320064298A /* PBXTargetDependency */,
			);
			name = PelegramUITests;
			productName = PelegramUITests;
			productReference = AC0522252A588F320064298A /* PelegramUITests.xctest */;
			productType = "com.apple.product-type.bundle.ui-testing";
		};
/* End PBXNativeTarget section */

/* Begin PBXProject section */
		AC0522022A588F310064298A /* Project object */ = {
			isa = PBXProject;
			attributes = {
				BuildIndependentTargetsInParallel = 1;
				LastSwiftUpdateCheck = 1430;
				LastUpgradeCheck = 1430;
				TargetAttributes = {
					AC0522092A588F310064298A = {
						CreatedOnToolsVersion = 14.3.1;
					};
					AC05221A2A588F320064298A = {
						CreatedOnToolsVersion = 14.3.1;
						TestTargetID = AC0522092A588F310064298A;
					};
					AC0522242A588F320064298A = {
						CreatedOnToolsVersion = 14.3.1;
						TestTargetID = AC0522092A588F310064298A;
					};
				};
			};
			buildConfigurationList = AC0522052A588F310064298A /* Build configuration list for PBXProject "Pelegram" */;
			compatibilityVersion = "Xcode 14.0";
			developmentRegion = en;
			hasScannedForEncodings = 0;
			knownRegions = (
				en,
				Base,
			);
			mainGroup = AC0522012A588F310064298A;
			productRefGroup = AC05220B2A588F310064298A /* Products */;
			projectDirPath = "";
			projectRoot = "";
			targets = (
				AC0522092A588F310064298A /* Pelegram */,
				AC05221A2A588F320064298A /* PelegramTests */,
				AC0522242A588F320064298A /* PelegramUITests */,
			);
		};
/* End PBXProject section */

/* Begin PBXResourcesBuildPhase section */
		AC0522082A588F310064298A /* Resources */ = {
			isa = PBXResourcesBuildPhase;
			buildActionMask = 2147483647;
			files = (
				AC0522162A588F320064298A /* Preview Assets.xcassets in Resources */,
				AC0522122A588F320064298A /* Assets.xcassets in Resources */,
			);
			runOnlyForDeploymentPostprocessing = 0;
		};
		AC0522192A588F320064298A /* Resources */ = {
			isa = PBXResourcesBuildPhase;
			buildActionMask = 2147483647;
			files = (
			);
			runOnlyForDeploymentPostprocessing = 0;
		};
		AC0522232A588F320064298A /* Resources */ = {
			isa = PBXResourcesBuildPhase;
			buildActionMask = 2147483647;
			files = (
			);
			runOnlyForDeploymentPostprocessing = 0;
		};
/* End PBXResourcesBuildPhase section */

/* Begin PBXShellScriptBuildPhase section */
		247943D62C596BB6794F2F9B /* [CP] Embed Pods Frameworks */ = {
			isa = PBXShellScriptBuildPhase;
			buildActionMask = 2147483647;
			files = (
			);
			inputFileListPaths = (
				"${PODS_ROOT}/Target Support Files/Pods-Pelegram-PelegramUITests/Pods-Pelegram-PelegramUITests-frameworks-${CONFIGURATION}-input-files.xcfilelist",
			);
			name = "[CP] Embed Pods Frameworks";
			outputFileListPaths = (
				"${PODS_ROOT}/Target Support Files/Pods-Pelegram-PelegramUITests/Pods-Pelegram-PelegramUITests-frameworks-${CONFIGURATION}-output-files.xcfilelist",
			);
			runOnlyForDeploymentPostprocessing = 0;
			shellPath = /bin/sh;
			shellScript = "\"${PODS_ROOT}/Target Support Files/Pods-Pelegram-PelegramUITests/Pods-Pelegram-PelegramUITests-frameworks.sh\"\n";
			showEnvVarsInLog = 0;
		};
		809A83F493488571BA65E9AD /* [CP] Check Pods Manifest.lock */ = {
			isa = PBXShellScriptBuildPhase;
			buildActionMask = 2147483647;
			files = (
			);
			inputFileListPaths = (
			);
			inputPaths = (
				"${PODS_PODFILE_DIR_PATH}/Podfile.lock",
				"${PODS_ROOT}/Manifest.lock",
			);
			name = "[CP] Check Pods Manifest.lock";
			outputFileListPaths = (
			);
			outputPaths = (
				"$(DERIVED_FILE_DIR)/Pods-Pelegram-PelegramUITests-checkManifestLockResult.txt",
			);
			runOnlyForDeploymentPostprocessing = 0;
			shellPath = /bin/sh;
			shellScript = "diff \"${PODS_PODFILE_DIR_PATH}/Podfile.lock\" \"${PODS_ROOT}/Manifest.lock\" > /dev/null\nif [ $? != 0 ] ; then\n    # print error to STDERR\n    echo \"error: The sandbox is not in sync with the Podfile.lock. Run 'pod install' or update your CocoaPods installation.\" >&2\n    exit 1\nfi\n# This output is used by Xcode 'outputs' to avoid re-running this script phase.\necho \"SUCCESS\" > \"${SCRIPT_OUTPUT_FILE_0}\"\n";
			showEnvVarsInLog = 0;
		};
		81BAA8D3DF0C52DD0967B48F /* [CP] Check Pods Manifest.lock */ = {
			isa = PBXShellScriptBuildPhase;
			buildActionMask = 2147483647;
			files = (
			);
			inputFileListPaths = (
			);
			inputPaths = (
				"${PODS_PODFILE_DIR_PATH}/Podfile.lock",
				"${PODS_ROOT}/Manifest.lock",
			);
			name = "[CP] Check Pods Manifest.lock";
			outputFileListPaths = (
			);
			outputPaths = (
				"$(DERIVED_FILE_DIR)/Pods-Pelegram-checkManifestLockResult.txt",
			);
			runOnlyForDeploymentPostprocessing = 0;
			shellPath = /bin/sh;
			shellScript = "diff \"${PODS_PODFILE_DIR_PATH}/Podfile.lock\" \"${PODS_ROOT}/Manifest.lock\" > /dev/null\nif [ $? != 0 ] ; then\n    # print error to STDERR\n    echo \"error: The sandbox is not in sync with the Podfile.lock. Run 'pod install' or update your CocoaPods installation.\" >&2\n    exit 1\nfi\n# This output is used by Xcode 'outputs' to avoid re-running this script phase.\necho \"SUCCESS\" > \"${SCRIPT_OUTPUT_FILE_0}\"\n";
			showEnvVarsInLog = 0;
		};
		99DB1B64B86F2C199BA9F2DE /* [CP] Check Pods Manifest.lock */ = {
			isa = PBXShellScriptBuildPhase;
			buildActionMask = 2147483647;
			files = (
			);
			inputFileListPaths = (
			);
			inputPaths = (
				"${PODS_PODFILE_DIR_PATH}/Podfile.lock",
				"${PODS_ROOT}/Manifest.lock",
			);
			name = "[CP] Check Pods Manifest.lock";
			outputFileListPaths = (
			);
			outputPaths = (
				"$(DERIVED_FILE_DIR)/Pods-PelegramTests-checkManifestLockResult.txt",
			);
			runOnlyForDeploymentPostprocessing = 0;
			shellPath = /bin/sh;
			shellScript = "diff \"${PODS_PODFILE_DIR_PATH}/Podfile.lock\" \"${PODS_ROOT}/Manifest.lock\" > /dev/null\nif [ $? != 0 ] ; then\n    # print error to STDERR\n    echo \"error: The sandbox is not in sync with the Podfile.lock. Run 'pod install' or update your CocoaPods installation.\" >&2\n    exit 1\nfi\n# This output is used by Xcode 'outputs' to avoid re-running this script phase.\necho \"SUCCESS\" > \"${SCRIPT_OUTPUT_FILE_0}\"\n";
			showEnvVarsInLog = 0;
		};
		D0E7A6DAAAECBB38EA1D4A88 /* [CP] Embed Pods Frameworks */ = {
			isa = PBXShellScriptBuildPhase;
			buildActionMask = 2147483647;
			files = (
			);
			inputFileListPaths = (
				"${PODS_ROOT}/Target Support Files/Pods-Pelegram/Pods-Pelegram-frameworks-${CONFIGURATION}-input-files.xcfilelist",
			);
			name = "[CP] Embed Pods Frameworks";
			outputFileListPaths = (
				"${PODS_ROOT}/Target Support Files/Pods-Pelegram/Pods-Pelegram-frameworks-${CONFIGURATION}-output-files.xcfilelist",
			);
			runOnlyForDeploymentPostprocessing = 0;
			shellPath = /bin/sh;
			shellScript = "\"${PODS_ROOT}/Target Support Files/Pods-Pelegram/Pods-Pelegram-frameworks.sh\"\n";
			showEnvVarsInLog = 0;
		};
/* End PBXShellScriptBuildPhase section */

/* Begin PBXSourcesBuildPhase section */
		AC0522062A588F310064298A /* Sources */ = {
			isa = PBXSourcesBuildPhase;
			buildActionMask = 2147483647;
			files = (
				AC3EE73C2A5B11950051C07F /* NetworkError.swift in Sources */,
				AC3EE73A2A5B11730051C07F /* APIManager.swift in Sources */,
				AC3EE7382A5B11300051C07F /* RequestManager.swift in Sources */,
				AC8CBA9F2A5ADF7A005153D5 /* MyTextField.swift in Sources */,
				AC3EE7302A5AF1890051C07F /* LoginResponse.swift in Sources */,
				AC8C28D62A58A8DD00F97C07 /* FeedView.swift in Sources */,
				AC8C28D22A58A68900F97C07 /* LoginView.swift in Sources */,
				AC8696742A62726A00C7C838 /* Interceptor.swift in Sources */,
				AC7F42552A5C851200091EC3 /* RegisterRequest.swift in Sources */,
				AC3EE7432A5B17CE0051C07F /* LoginRequest.swift in Sources */,
				AC7F42572A5C871000091EC3 /* BasicApiResponse.swift in Sources */,
				AC401DF52A61E06D000427BB /* MyViewModel.swift in Sources */,
				AC3EE73E2A5B11C50051C07F /* RequestProtocol.swift in Sources */,
				AC0AEAFA2A5DAF98001FE95B /* AuthenticateRequest.swift in Sources */,
				AC1E34242A59BC9D00FB3CDC /* BasicDataResponse.swift in Sources */,
				AC0522102A588F310064298A /* ContentView.swift in Sources */,
				AC05220E2A588F310064298A /* PelegramApp.swift in Sources */,
				AC8C28D42A58A6EF00F97C07 /* RegistrationView.swift in Sources */,
				AC3EE7402A5B12480051C07F /* RequestType.swift in Sources */,
				AC1E341A2A59B4FC00FB3CDC /* User.swift in Sources */,
				AC1E341C2A59B64500FB3CDC /* Constants.swift in Sources */,
				AC3EE7362A5B10E90051C07F /* DataParser.swift in Sources */,
				AC3EE7332A5AF20C0051C07F /* AuthUserDto.swift in Sources */,
			);
			runOnlyForDeploymentPostprocessing = 0;
		};
		AC0522172A588F320064298A /* Sources */ = {
			isa = PBXSourcesBuildPhase;
			buildActionMask = 2147483647;
			files = (
				AC0522202A588F320064298A /* PelegramTests.swift in Sources */,
			);
			runOnlyForDeploymentPostprocessing = 0;
		};
		AC0522212A588F320064298A /* Sources */ = {
			isa = PBXSourcesBuildPhase;
			buildActionMask = 2147483647;
			files = (
				AC05222C2A588F320064298A /* PelegramUITestsLaunchTests.swift in Sources */,
				AC05222A2A588F320064298A /* PelegramUITests.swift in Sources */,
			);
			runOnlyForDeploymentPostprocessing = 0;
		};
/* End PBXSourcesBuildPhase section */

/* Begin PBXTargetDependency section */
		AC05221D2A588F320064298A /* PBXTargetDependency */ = {
			isa = PBXTargetDependency;
			target = AC0522092A588F310064298A /* Pelegram */;
			targetProxy = AC05221C2A588F320064298A /* PBXContainerItemProxy */;
		};
		AC0522272A588F320064298A /* PBXTargetDependency */ = {
			isa = PBXTargetDependency;
			target = AC0522092A588F310064298A /* Pelegram */;
			targetProxy = AC0522262A588F320064298A /* PBXContainerItemProxy */;
		};
/* End PBXTargetDependency section */

/* Begin XCBuildConfiguration section */
		AC05222D2A588F320064298A /* Debug */ = {
			isa = XCBuildConfiguration;
			buildSettings = {
				ALWAYS_SEARCH_USER_PATHS = NO;
				CLANG_ANALYZER_NONNULL = YES;
				CLANG_ANALYZER_NUMBER_OBJECT_CONVERSION = YES_AGGRESSIVE;
				CLANG_CXX_LANGUAGE_STANDARD = "gnu++20";
				CLANG_ENABLE_MODULES = YES;
				CLANG_ENABLE_OBJC_ARC = YES;
				CLANG_ENABLE_OBJC_WEAK = YES;
				CLANG_WARN_BLOCK_CAPTURE_AUTORELEASING = YES;
				CLANG_WARN_BOOL_CONVERSION = YES;
				CLANG_WARN_COMMA = YES;
				CLANG_WARN_CONSTANT_CONVERSION = YES;
				CLANG_WARN_DEPRECATED_OBJC_IMPLEMENTATIONS = YES;
				CLANG_WARN_DIRECT_OBJC_ISA_USAGE = YES_ERROR;
				CLANG_WARN_DOCUMENTATION_COMMENTS = YES;
				CLANG_WARN_EMPTY_BODY = YES;
				CLANG_WARN_ENUM_CONVERSION = YES;
				CLANG_WARN_INFINITE_RECURSION = YES;
				CLANG_WARN_INT_CONVERSION = YES;
				CLANG_WARN_NON_LITERAL_NULL_CONVERSION = YES;
				CLANG_WARN_OBJC_IMPLICIT_RETAIN_SELF = YES;
				CLANG_WARN_OBJC_LITERAL_CONVERSION = YES;
				CLANG_WARN_OBJC_ROOT_CLASS = YES_ERROR;
				CLANG_WARN_QUOTED_INCLUDE_IN_FRAMEWORK_HEADER = YES;
				CLANG_WARN_RANGE_LOOP_ANALYSIS = YES;
				CLANG_WARN_STRICT_PROTOTYPES = YES;
				CLANG_WARN_SUSPICIOUS_MOVE = YES;
				CLANG_WARN_UNGUARDED_AVAILABILITY = YES_AGGRESSIVE;
				CLANG_WARN_UNREACHABLE_CODE = YES;
				CLANG_WARN__DUPLICATE_METHOD_MATCH = YES;
				COPY_PHASE_STRIP = NO;
				DEBUG_INFORMATION_FORMAT = dwarf;
				ENABLE_STRICT_OBJC_MSGSEND = YES;
				ENABLE_TESTABILITY = YES;
				GCC_C_LANGUAGE_STANDARD = gnu11;
				GCC_DYNAMIC_NO_PIC = NO;
				GCC_NO_COMMON_BLOCKS = YES;
				GCC_OPTIMIZATION_LEVEL = 0;
				GCC_PREPROCESSOR_DEFINITIONS = (
					"DEBUG=1",
					"$(inherited)",
				);
				GCC_WARN_64_TO_32_BIT_CONVERSION = YES;
				GCC_WARN_ABOUT_RETURN_TYPE = YES_ERROR;
				GCC_WARN_UNDECLARED_SELECTOR = YES;
				GCC_WARN_UNINITIALIZED_AUTOS = YES_AGGRESSIVE;
				GCC_WARN_UNUSED_FUNCTION = YES;
				GCC_WARN_UNUSED_VARIABLE = YES;
				MTL_ENABLE_DEBUG_INFO = INCLUDE_SOURCE;
				MTL_FAST_MATH = YES;
				ONLY_ACTIVE_ARCH = YES;
				SWIFT_ACTIVE_COMPILATION_CONDITIONS = DEBUG;
				SWIFT_OPTIMIZATION_LEVEL = "-Onone";
			};
			name = Debug;
		};
		AC05222E2A588F320064298A /* Release */ = {
			isa = XCBuildConfiguration;
			buildSettings = {
				ALWAYS_SEARCH_USER_PATHS = NO;
				CLANG_ANALYZER_NONNULL = YES;
				CLANG_ANALYZER_NUMBER_OBJECT_CONVERSION = YES_AGGRESSIVE;
				CLANG_CXX_LANGUAGE_STANDARD = "gnu++20";
				CLANG_ENABLE_MODULES = YES;
				CLANG_ENABLE_OBJC_ARC = YES;
				CLANG_ENABLE_OBJC_WEAK = YES;
				CLANG_WARN_BLOCK_CAPTURE_AUTORELEASING = YES;
				CLANG_WARN_BOOL_CONVERSION = YES;
				CLANG_WARN_COMMA = YES;
				CLANG_WARN_CONSTANT_CONVERSION = YES;
				CLANG_WARN_DEPRECATED_OBJC_IMPLEMENTATIONS = YES;
				CLANG_WARN_DIRECT_OBJC_ISA_USAGE = YES_ERROR;
				CLANG_WARN_DOCUMENTATION_COMMENTS = YES;
				CLANG_WARN_EMPTY_BODY = YES;
				CLANG_WARN_ENUM_CONVERSION = YES;
				CLANG_WARN_INFINITE_RECURSION = YES;
				CLANG_WARN_INT_CONVERSION = YES;
				CLANG_WARN_NON_LITERAL_NULL_CONVERSION = YES;
				CLANG_WARN_OBJC_IMPLICIT_RETAIN_SELF = YES;
				CLANG_WARN_OBJC_LITERAL_CONVERSION = YES;
				CLANG_WARN_OBJC_ROOT_CLASS = YES_ERROR;
				CLANG_WARN_QUOTED_INCLUDE_IN_FRAMEWORK_HEADER = YES;
				CLANG_WARN_RANGE_LOOP_ANALYSIS = YES;
				CLANG_WARN_STRICT_PROTOTYPES = YES;
				CLANG_WARN_SUSPICIOUS_MOVE = YES;
				CLANG_WARN_UNGUARDED_AVAILABILITY = YES_AGGRESSIVE;
				CLANG_WARN_UNREACHABLE_CODE = YES;
				CLANG_WARN__DUPLICATE_METHOD_MATCH = YES;
				COPY_PHASE_STRIP = NO;
				DEBUG_INFORMATION_FORMAT = "dwarf-with-dsym";
				ENABLE_NS_ASSERTIONS = NO;
				ENABLE_STRICT_OBJC_MSGSEND = YES;
				GCC_C_LANGUAGE_STANDARD = gnu11;
				GCC_NO_COMMON_BLOCKS = YES;
				GCC_WARN_64_TO_32_BIT_CONVERSION = YES;
				GCC_WARN_ABOUT_RETURN_TYPE = YES_ERROR;
				GCC_WARN_UNDECLARED_SELECTOR = YES;
				GCC_WARN_UNINITIALIZED_AUTOS = YES_AGGRESSIVE;
				GCC_WARN_UNUSED_FUNCTION = YES;
				GCC_WARN_UNUSED_VARIABLE = YES;
				MTL_ENABLE_DEBUG_INFO = NO;
				MTL_FAST_MATH = YES;
				SWIFT_COMPILATION_MODE = wholemodule;
				SWIFT_OPTIMIZATION_LEVEL = "-O";
			};
			name = Release;
		};
		AC0522302A588F320064298A /* Debug */ = {
			isa = XCBuildConfiguration;
			baseConfigurationReference = 8C0F4F1A05C1CCF9175DCC25 /* Pods-Pelegram.debug.xcconfig */;
			buildSettings = {
				ASSETCATALOG_COMPILER_APPICON_NAME = AppIcon;
				ASSETCATALOG_COMPILER_GLOBAL_ACCENT_COLOR_NAME = AccentColor;
				CODE_SIGN_ENTITLEMENTS = Pelegram/Pelegram.entitlements;
				CODE_SIGN_STYLE = Automatic;
				CURRENT_PROJECT_VERSION = 1;
				DEVELOPMENT_ASSET_PATHS = "\"Pelegram/Preview Content\"";
				DEVELOPMENT_TEAM = 994LK9C926;
				ENABLE_HARDENED_RUNTIME = YES;
				ENABLE_PREVIEWS = YES;
				GENERATE_INFOPLIST_FILE = YES;
				"INFOPLIST_KEY_UIApplicationSceneManifest_Generation[sdk=iphoneos*]" = YES;
				"INFOPLIST_KEY_UIApplicationSceneManifest_Generation[sdk=iphonesimulator*]" = YES;
				"INFOPLIST_KEY_UIApplicationSupportsIndirectInputEvents[sdk=iphoneos*]" = YES;
				"INFOPLIST_KEY_UIApplicationSupportsIndirectInputEvents[sdk=iphonesimulator*]" = YES;
				"INFOPLIST_KEY_UILaunchScreen_Generation[sdk=iphoneos*]" = YES;
				"INFOPLIST_KEY_UILaunchScreen_Generation[sdk=iphonesimulator*]" = YES;
				"INFOPLIST_KEY_UIStatusBarStyle[sdk=iphoneos*]" = UIStatusBarStyleDefault;
				"INFOPLIST_KEY_UIStatusBarStyle[sdk=iphonesimulator*]" = UIStatusBarStyleDefault;
				INFOPLIST_KEY_UISupportedInterfaceOrientations_iPad = "UIInterfaceOrientationPortrait UIInterfaceOrientationPortraitUpsideDown UIInterfaceOrientationLandscapeLeft UIInterfaceOrientationLandscapeRight";
				INFOPLIST_KEY_UISupportedInterfaceOrientations_iPhone = "UIInterfaceOrientationPortrait UIInterfaceOrientationLandscapeLeft UIInterfaceOrientationLandscapeRight";
				IPHONEOS_DEPLOYMENT_TARGET = 16.4;
				LD_RUNPATH_SEARCH_PATHS = "@executable_path/Frameworks";
				"LD_RUNPATH_SEARCH_PATHS[sdk=macosx*]" = "@executable_path/../Frameworks";
				MACOSX_DEPLOYMENT_TARGET = 13.3;
				MARKETING_VERSION = 1.0;
				PRODUCT_BUNDLE_IDENTIFIER = com.example.Pelegram;
				PRODUCT_NAME = "$(TARGET_NAME)";
				SDKROOT = auto;
				SUPPORTED_PLATFORMS = "iphoneos iphonesimulator macosx";
				SWIFT_EMIT_LOC_STRINGS = YES;
				SWIFT_VERSION = 5.0;
				TARGETED_DEVICE_FAMILY = "1,2";
			};
			name = Debug;
		};
		AC0522312A588F320064298A /* Release */ = {
			isa = XCBuildConfiguration;
			baseConfigurationReference = 37BD7C7D94A95EBCB2979BCF /* Pods-Pelegram.release.xcconfig */;
			buildSettings = {
				ASSETCATALOG_COMPILER_APPICON_NAME = AppIcon;
				ASSETCATALOG_COMPILER_GLOBAL_ACCENT_COLOR_NAME = AccentColor;
				CODE_SIGN_ENTITLEMENTS = Pelegram/Pelegram.entitlements;
				CODE_SIGN_STYLE = Automatic;
				CURRENT_PROJECT_VERSION = 1;
				DEVELOPMENT_ASSET_PATHS = "\"Pelegram/Preview Content\"";
				DEVELOPMENT_TEAM = 994LK9C926;
				ENABLE_HARDENED_RUNTIME = YES;
				ENABLE_PREVIEWS = YES;
				GENERATE_INFOPLIST_FILE = YES;
				"INFOPLIST_KEY_UIApplicationSceneManifest_Generation[sdk=iphoneos*]" = YES;
				"INFOPLIST_KEY_UIApplicationSceneManifest_Generation[sdk=iphonesimulator*]" = YES;
				"INFOPLIST_KEY_UIApplicationSupportsIndirectInputEvents[sdk=iphoneos*]" = YES;
				"INFOPLIST_KEY_UIApplicationSupportsIndirectInputEvents[sdk=iphonesimulator*]" = YES;
				"INFOPLIST_KEY_UILaunchScreen_Generation[sdk=iphoneos*]" = YES;
				"INFOPLIST_KEY_UILaunchScreen_Generation[sdk=iphonesimulator*]" = YES;
				"INFOPLIST_KEY_UIStatusBarStyle[sdk=iphoneos*]" = UIStatusBarStyleDefault;
				"INFOPLIST_KEY_UIStatusBarStyle[sdk=iphonesimulator*]" = UIStatusBarStyleDefault;
				INFOPLIST_KEY_UISupportedInterfaceOrientations_iPad = "UIInterfaceOrientationPortrait UIInterfaceOrientationPortraitUpsideDown UIInterfaceOrientationLandscapeLeft UIInterfaceOrientationLandscapeRight";
				INFOPLIST_KEY_UISupportedInterfaceOrientations_iPhone = "UIInterfaceOrientationPortrait UIInterfaceOrientationLandscapeLeft UIInterfaceOrientationLandscapeRight";
				IPHONEOS_DEPLOYMENT_TARGET = 16.4;
				LD_RUNPATH_SEARCH_PATHS = "@executable_path/Frameworks";
				"LD_RUNPATH_SEARCH_PATHS[sdk=macosx*]" = "@executable_path/../Frameworks";
				MACOSX_DEPLOYMENT_TARGET = 13.3;
				MARKETING_VERSION = 1.0;
				PRODUCT_BUNDLE_IDENTIFIER = com.example.Pelegram;
				PRODUCT_NAME = "$(TARGET_NAME)";
				SDKROOT = auto;
				SUPPORTED_PLATFORMS = "iphoneos iphonesimulator macosx";
				SWIFT_EMIT_LOC_STRINGS = YES;
				SWIFT_VERSION = 5.0;
				TARGETED_DEVICE_FAMILY = "1,2";
			};
			name = Release;
		};
		AC0522332A588F320064298A /* Debug */ = {
			isa = XCBuildConfiguration;
			baseConfigurationReference = BDAF15C62AC5CDCBBD3DCEF5 /* Pods-PelegramTests.debug.xcconfig */;
			buildSettings = {
				ALWAYS_EMBED_SWIFT_STANDARD_LIBRARIES = YES;
				BUNDLE_LOADER = "$(TEST_HOST)";
				CODE_SIGN_STYLE = Automatic;
				CURRENT_PROJECT_VERSION = 1;
				DEVELOPMENT_TEAM = 994LK9C926;
				GENERATE_INFOPLIST_FILE = YES;
				IPHONEOS_DEPLOYMENT_TARGET = 16.4;
				MACOSX_DEPLOYMENT_TARGET = 13.3;
				MARKETING_VERSION = 1.0;
				PRODUCT_BUNDLE_IDENTIFIER = com.example.PelegramTests;
				PRODUCT_NAME = "$(TARGET_NAME)";
				SDKROOT = auto;
				SUPPORTED_PLATFORMS = "iphoneos iphonesimulator macosx";
				SWIFT_EMIT_LOC_STRINGS = NO;
				SWIFT_VERSION = 5.0;
				TARGETED_DEVICE_FAMILY = "1,2";
				TEST_HOST = "$(BUILT_PRODUCTS_DIR)/Pelegram.app/$(BUNDLE_EXECUTABLE_FOLDER_PATH)/Pelegram";
			};
			name = Debug;
		};
		AC0522342A588F320064298A /* Release */ = {
			isa = XCBuildConfiguration;
			baseConfigurationReference = 9DA83F4941C6B02EC39BCD71 /* Pods-PelegramTests.release.xcconfig */;
			buildSettings = {
				ALWAYS_EMBED_SWIFT_STANDARD_LIBRARIES = YES;
				BUNDLE_LOADER = "$(TEST_HOST)";
				CODE_SIGN_STYLE = Automatic;
				CURRENT_PROJECT_VERSION = 1;
				DEVELOPMENT_TEAM = 994LK9C926;
				GENERATE_INFOPLIST_FILE = YES;
				IPHONEOS_DEPLOYMENT_TARGET = 16.4;
				MACOSX_DEPLOYMENT_TARGET = 13.3;
				MARKETING_VERSION = 1.0;
				PRODUCT_BUNDLE_IDENTIFIER = com.example.PelegramTests;
				PRODUCT_NAME = "$(TARGET_NAME)";
				SDKROOT = auto;
				SUPPORTED_PLATFORMS = "iphoneos iphonesimulator macosx";
				SWIFT_EMIT_LOC_STRINGS = NO;
				SWIFT_VERSION = 5.0;
				TARGETED_DEVICE_FAMILY = "1,2";
				TEST_HOST = "$(BUILT_PRODUCTS_DIR)/Pelegram.app/$(BUNDLE_EXECUTABLE_FOLDER_PATH)/Pelegram";
			};
			name = Release;
		};
		AC0522362A588F320064298A /* Debug */ = {
			isa = XCBuildConfiguration;
			baseConfigurationReference = C76EBC5BDA3F5299FFBDA6D6 /* Pods-Pelegram-PelegramUITests.debug.xcconfig */;
			buildSettings = {
				ALWAYS_EMBED_SWIFT_STANDARD_LIBRARIES = YES;
				CODE_SIGN_STYLE = Automatic;
				CURRENT_PROJECT_VERSION = 1;
				DEVELOPMENT_TEAM = 994LK9C926;
				GENERATE_INFOPLIST_FILE = YES;
				IPHONEOS_DEPLOYMENT_TARGET = 16.4;
				MACOSX_DEPLOYMENT_TARGET = 13.3;
				MARKETING_VERSION = 1.0;
				PRODUCT_BUNDLE_IDENTIFIER = com.example.PelegramUITests;
				PRODUCT_NAME = "$(TARGET_NAME)";
				SDKROOT = auto;
				SUPPORTED_PLATFORMS = "iphoneos iphonesimulator macosx";
				SWIFT_EMIT_LOC_STRINGS = NO;
				SWIFT_VERSION = 5.0;
				TARGETED_DEVICE_FAMILY = "1,2";
				TEST_TARGET_NAME = Pelegram;
			};
			name = Debug;
		};
		AC0522372A588F320064298A /* Release */ = {
			isa = XCBuildConfiguration;
			baseConfigurationReference = BAAD850D11AEA531AEDBD119 /* Pods-Pelegram-PelegramUITests.release.xcconfig */;
			buildSettings = {
				ALWAYS_EMBED_SWIFT_STANDARD_LIBRARIES = YES;
				CODE_SIGN_STYLE = Automatic;
				CURRENT_PROJECT_VERSION = 1;
				DEVELOPMENT_TEAM = 994LK9C926;
				GENERATE_INFOPLIST_FILE = YES;
				IPHONEOS_DEPLOYMENT_TARGET = 16.4;
				MACOSX_DEPLOYMENT_TARGET = 13.3;
				MARKETING_VERSION = 1.0;
				PRODUCT_BUNDLE_IDENTIFIER = com.example.PelegramUITests;
				PRODUCT_NAME = "$(TARGET_NAME)";
				SDKROOT = auto;
				SUPPORTED_PLATFORMS = "iphoneos iphonesimulator macosx";
				SWIFT_EMIT_LOC_STRINGS = NO;
				SWIFT_VERSION = 5.0;
				TARGETED_DEVICE_FAMILY = "1,2";
				TEST_TARGET_NAME = Pelegram;
			};
			name = Release;
		};
/* End XCBuildConfiguration section */

/* Begin XCConfigurationList section */
		AC0522052A588F310064298A /* Build configuration list for PBXProject "Pelegram" */ = {
			isa = XCConfigurationList;
			buildConfigurations = (
				AC05222D2A588F320064298A /* Debug */,
				AC05222E2A588F320064298A /* Release */,
			);
			defaultConfigurationIsVisible = 0;
			defaultConfigurationName = Release;
		};
		AC05222F2A588F320064298A /* Build configuration list for PBXNativeTarget "Pelegram" */ = {
			isa = XCConfigurationList;
			buildConfigurations = (
				AC0522302A588F320064298A /* Debug */,
				AC0522312A588F320064298A /* Release */,
			);
			defaultConfigurationIsVisible = 0;
			defaultConfigurationName = Release;
		};
		AC0522322A588F320064298A /* Build configuration list for PBXNativeTarget "PelegramTests" */ = {
			isa = XCConfigurationList;
			buildConfigurations = (
				AC0522332A588F320064298A /* Debug */,
				AC0522342A588F320064298A /* Release */,
			);
			defaultConfigurationIsVisible = 0;
			defaultConfigurationName = Release;
		};
		AC0522352A588F320064298A /* Build configuration list for PBXNativeTarget "PelegramUITests" */ = {
			isa = XCConfigurationList;
			buildConfigurations = (
				AC0522362A588F320064298A /* Debug */,
				AC0522372A588F320064298A /* Release */,
			);
			defaultConfigurationIsVisible = 0;
			defaultConfigurationName = Release;
		};
/* End XCConfigurationList section */
	};
	rootObject = AC0522022A588F310064298A /* Project object */;
}
